Microsoft Visual Studio Solution File, Format Version 12.00
# Visual Studio Version 17
VisualStudioVersion = 17.5.2.0
MinimumVisualStudioVersion = 10.0.40219.1
Project("{2150E333-8FDC-42A3-9474-1A3956D46DE8}") = "app", "app", "{F95F473B-E98A-ACD6-1986-755F447BE36F}"
EndProject
Project("{FAE04EC0-301F-11D3-BF4B-00C04F79EFBC}") = "ApiTasks", "app\ApiTasks\ApiTasks.csproj", "{5F8962B5-367B-CD73-51FB-3F2E633EF43D}"
EndProject
Global
	GlobalSection(SolutionConfigurationPlatforms) = preSolution
		Debug|Any CPU = Debug|Any CPU
		Release|Any CPU = Release|Any CPU
	EndGlobalSection
	GlobalSection(ProjectConfigurationPlatforms) = postSolution
		{5F8962B5-367B-CD73-51FB-3F2E633EF43D}.Debug|Any CPU.ActiveCfg = Debug|Any CPU
		{5F8962B5-367B-CD73-51FB-3F2E633EF43D}.Debug|Any CPU.Build.0 = Debug|Any CPU
		{5F8962B5-367B-CD73-51FB-3F2E633EF43D}.Release|Any CPU.ActiveCfg = Release|Any CPU
		{5F8962B5-367B-CD73-51FB-3F2E633EF43D}.Release|Any CPU.Build.0 = Release|Any CPU
	EndGlobalSection
	GlobalSection(SolutionProperties) = preSolution
		HideSolutionNode = FALSE
	EndGlobalSection
	GlobalSection(NestedProjects) = preSolution
		{5F8962B5-367B-CD73-51FB-3F2E633EF43D} = {F95F473B-E98A-ACD6-1986-755F447BE36F}
	EndGlobalSection
	GlobalSection(ExtensibilityGlobals) = postSolution
		SolutionGuid = {2B3AFAB8-CB7A-4676-A3AD-35CFF332B62B}
	EndGlobalSection
EndGlobal
